
Microsoft Visual Studio Solution File, Format Version 12.00
# Visual Studio Version 16
VisualStudioVersion = 16.0.33027.164
MinimumVisualStudioVersion = 10.0.40219.1
Project("{FAE04EC0-301F-11D3-BF4B-00C04F79EFBC}") = "Project Csharp", "Project Csharp\Project Csharp.csproj", "{2DBD3EF6-7310-4281-86D4-F9EDF763122E}"
EndProject
Global
	GlobalSection(SolutionConfigurationPlatforms) = preSolution
		Debug|Any CPU = Debug|Any CPU
		Release|Any CPU = Release|Any CPU
	EndGlobalSection
	GlobalSection(ProjectConfigurationPlatforms) = postSolution
		{2DBD3EF6-7310-4281-86D4-F9EDF763122E}.Debug|Any CPU.ActiveCfg = Debug|Any CPU
		{2DBD3EF6-7310-4281-86D4-F9EDF763122E}.Debug|Any CPU.Build.0 = Debug|Any CPU
		{2DBD3EF6-7310-4281-86D4-F9EDF763122E}.Release|Any CPU.ActiveCfg = Release|Any CPU
		{2DBD3EF6-7310-4281-86D4-F9EDF763122E}.Release|Any CPU.Build.0 = Release|Any CPU
	EndGlobalSection
	GlobalSection(SolutionProperties) = preSolution
		HideSolutionNode = FALSE
	EndGlobalSection
	GlobalSection(ExtensibilityGlobals) = postSolution
		SolutionGuid = {FCF9BF70-FE56-444C-8C37-54C6C4017F27}
	EndGlobalSection
EndGlobal
